
Microsoft Visual Studio Solution File, Format Version 12.00
# Visual Studio Version 17
VisualStudioVersion = 17.1.32228.430
MinimumVisualStudioVersion = 10.0.40219.1
Project("{9A19103F-16F7-4668-BE54-9A1E7A4F7556}") = "MusicPlayerClient", "MusicPlayerClient\MusicPlayerClient.csproj", "{1F0AAA05-2165-47F5-A0F3-B1E0734B37A6}"
EndProject
Project("{9A19103F-16F7-4668-BE54-9A1E7A4F7556}") = "MusicPlayerData", "MusicPlayerData\MusicPlayerData.csproj", "{927522B4-3A12-43C4-B62C-A71886CB24C4}"
EndProject
Global
	GlobalSection(SolutionConfigurationPlatforms) = preSolution
		Debug|Any CPU = Debug|Any CPU
		Release|Any CPU = Release|Any CPU
	EndGlobalSection
	GlobalSection(ProjectConfigurationPlatforms) = postSolution
		{1F0AAA05-2165-47F5-A0F3-B1E0734B37A6}.Debug|Any CPU.ActiveCfg = Debug|Any CPU
		{1F0AAA05-2165-47F5-A0F3-B1E0734B37A6}.Debug|Any CPU.Build.0 = Debug|Any CPU
		{1F0AAA05-2165-47F5-A0F3-B1E0734B37A6}.Release|Any CPU.ActiveCfg = Release|Any CPU
		{1F0AAA05-2165-47F5-A0F3-B1E0734B37A6}.Release|Any CPU.Build.0 = Release|Any CPU
		{927522B4-3A12-43C4-B62C-A71886CB24C4}.Debug|Any CPU.ActiveCfg = Debug|Any CPU
		{927522B4-3A12-43C4-B62C-A71886CB24C4}.Debug|Any CPU.Build.0 = Debug|Any CPU
		{927522B4-3A12-43C4-B62C-A71886CB24C4}.Release|Any CPU.ActiveCfg = Release|Any CPU
		{927522B4-3A12-43C4-B62C-A71886CB24C4}.Release|Any CPU.Build.0 = Release|Any CPU
	EndGlobalSection
	GlobalSection(SolutionProperties) = preSolution
		HideSolutionNode = FALSE
	EndGlobalSection
	GlobalSection(ExtensibilityGlobals) = postSolution
		SolutionGuid = {6353794B-C1BA-4A5B-8A9B-F73353EE3AE5}
	EndGlobalSection
EndGlobal
